
Microsoft Visual Studio Solution File, Format Version 12.00
# Visual Studio 14
VisualStudioVersion = 14.0.25420.1
MinimumVisualStudioVersion = 10.0.40219.1
Project("{9092AA53-FB77-4645-B42D-1CCCA6BD08BD}") = "TheBoard", "TheBoard.njsproj", "{C3639F36-465D-43AB-9777-7ABCAB93D84F}"
EndProject
Global
	GlobalSection(SolutionConfigurationPlatforms) = preSolution
		Debug|Any CPU = Debug|Any CPU
		Release|Any CPU = Release|Any CPU
	EndGlobalSection
	GlobalSection(ProjectConfigurationPlatforms) = postSolution
		{C3639F36-465D-43AB-9777-7ABCAB93D84F}.Debug|Any CPU.ActiveCfg = Debug|Any CPU
		{C3639F36-465D-43AB-9777-7ABCAB93D84F}.Debug|Any CPU.Build.0 = Debug|Any CPU
		{C3639F36-465D-43AB-9777-7ABCAB93D84F}.Release|Any CPU.ActiveCfg = Release|Any CPU
		{C3639F36-465D-43AB-9777-7ABCAB93D84F}.Release|Any CPU.Build.0 = Release|Any CPU
	EndGlobalSection
	GlobalSection(SolutionProperties) = preSolution
		HideSolutionNode = FALSE
	EndGlobalSection
EndGlobal
